// !$*UTF8*$!
{
	archiveVersion = 1;
	classes = {
	};
	objectVersion = 46;
	objects = {

/* Begin PBXBuildFile section */
		2389BD6517FF2B3A0039EC51 /* UIKit.framework in Frameworks */ = {isa = PBXBuildFile; fileRef = 2389BD6417FF2B3A0039EC51 /* UIKit.framework */; };
		2389BD6717FF2B3A0039EC51 /* Foundation.framework in Frameworks */ = {isa = PBXBuildFile; fileRef = 2389BD6617FF2B3A0039EC51 /* Foundation.framework */; };
		2389BD6917FF2B3A0039EC51 /* CoreGraphics.framework in Frameworks */ = {isa = PBXBuildFile; fileRef = 2389BD6817FF2B3A0039EC51 /* CoreGraphics.framework */; };
		2389BD6F17FF2B3A0039EC51 /* InfoPlist.strings in Resources */ = {isa = PBXBuildFile; fileRef = 2389BD6D17FF2B3A0039EC51 /* InfoPlist.strings */; };
		2389BD7117FF2B3A0039EC51 /* main.m in Sources */ = {isa = PBXBuildFile; fileRef = 2389BD7017FF2B3A0039EC51 /* main.m */; };
		2389BD7517FF2B3A0039EC51 /* MADAppDelegate.m in Sources */ = {isa = PBXBuildFile; fileRef = 2389BD7417FF2B3A0039EC51 /* MADAppDelegate.m */; };
		2389BD7717FF2B3A0039EC51 /* Default.png in Resources */ = {isa = PBXBuildFile; fileRef = 2389BD7617FF2B3A0039EC51 /* Default.png */; };
		2389BD7917FF2B3A0039EC51 /* Default@2x.png in Resources */ = {isa = PBXBuildFile; fileRef = 2389BD7817FF2B3A0039EC51 /* Default@2x.png */; };
		2389BD7B17FF2B3A0039EC51 /* Default-568h@2x.png in Resources */ = {isa = PBXBuildFile; fileRef = 2389BD7A17FF2B3A0039EC51 /* Default-568h@2x.png */; };
		2389BD7E17FF2B3A0039EC51 /* MADViewController.m in Sources */ = {isa = PBXBuildFile; fileRef = 2389BD7D17FF2B3A0039EC51 /* MADViewController.m */; };
		2389BD8117FF2B3A0039EC51 /* MADViewController.xib in Resources */ = {isa = PBXBuildFile; fileRef = 2389BD7F17FF2B3A0039EC51 /* MADViewController.xib */; };
		2389BD91180355CF0039EC51 /* browser.png in Resources */ = {isa = PBXBuildFile; fileRef = 2389BD8F180355CF0039EC51 /* browser.png */; };
		2389BD92180355CF0039EC51 /* browser72.png in Resources */ = {isa = PBXBuildFile; fileRef = 2389BD90180355CF0039EC51 /* browser72.png */; };
/* End PBXBuildFile section */

/* Begin PBXFileReference section */
		2389BD6117FF2B3A0039EC51 /* browser.app */ = {isa = PBXFileReference; explicitFileType = wrapper.application; includeInIndex = 0; path = browser.app; sourceTree = BUILT_PRODUCTS_DIR; };
		2389BD6417FF2B3A0039EC51 /* UIKit.framework */ = {isa = PBXFileReference; lastKnownFileType = wrapper.framework; name = UIKit.framework; path = System/Library/Frameworks/UIKit.framework; sourceTree = SDKROOT; };
		2389BD6617FF2B3A0039EC51 /* Foundation.framework */ = {isa = PBXFileReference; lastKnownFileType = wrapper.framework; name = Foundation.framework; path = System/Library/Frameworks/Foundation.framework; sourceTree = SDKROOT; };
		2389BD6817FF2B3A0039EC51 /* CoreGraphics.framework */ = {isa = PBXFileReference; lastKnownFileType = wrapper.framework; name = CoreGraphics.framework; path = System/Library/Frameworks/CoreGraphics.framework; sourceTree = SDKROOT; };
		2389BD6C17FF2B3A0039EC51 /* browser-Info.plist */ = {isa = PBXFileReference; lastKnownFileType = text.plist.xml; path = "browser-Info.plist"; sourceTree = "<group>"; };
		2389BD6E17FF2B3A0039EC51 /* en */ = {isa = PBXFileReference; lastKnownFileType = text.plist.strings; name = en; path = en.lproj/InfoPlist.strings; sourceTree = "<group>"; };
		2389BD7017FF2B3A0039EC51 /* main.m */ = {isa = PBXFileReference; lastKnownFileType = sourcecode.c.objc; path = main.m; sourceTree = "<group>"; };
		2389BD7217FF2B3A0039EC51 /* browser-Prefix.pch */ = {isa = PBXFileReference; lastKnownFileType = sourcecode.c.h; path = "browser-Prefix.pch"; sourceTree = "<group>"; };
		2389BD7317FF2B3A0039EC51 /* MADAppDelegate.h */ = {isa = PBXFileReference; lastKnownFileType = sourcecode.c.h; path = MADAppDelegate.h; sourceTree = "<group>"; };
		2389BD7417FF2B3A0039EC51 /* MADAppDelegate.m */ = {isa = PBXFileReference; lastKnownFileType = sourcecode.c.objc; path = MADAppDelegate.m; sourceTree = "<group>"; };
		2389BD7617FF2B3A0039EC51 /* Default.png */ = {isa = PBXFileReference; lastKnownFileType = image.png; path = Default.png; sourceTree = "<group>"; };
		2389BD7817FF2B3A0039EC51 /* Default@2x.png */ = {isa = PBXFileReference; lastKnownFileType = image.png; path = "Default@2x.png"; sourceTree = "<group>"; };
		2389BD7A17FF2B3A0039EC51 /* Default-568h@2x.png */ = {isa = PBXFileReference; lastKnownFileType = image.png; path = "Default-568h@2x.png"; sourceTree = "<group>"; };
		2389BD7C17FF2B3A0039EC51 /* MADViewController.h */ = {isa = PBXFileReference; lastKnownFileType = sourcecode.c.h; path = MADViewController.h; sourceTree = "<group>"; };
		2389BD7D17FF2B3A0039EC51 /* MADViewController.m */ = {isa = PBXFileReference; lastKnownFileType = sourcecode.c.objc; path = MADViewController.m; sourceTree = "<group>"; };
		2389BD8017FF2B3A0039EC51 /* en */ = {isa = PBXFileReference; lastKnownFileType = file.xib; name = en; path = en.lproj/MADViewController.xib; sourceTree = "<group>"; };
		2389BD8F180355CF0039EC51 /* browser.png */ = {isa = PBXFileReference; lastKnownFileType = image.png; path = browser.png; sourceTree = "<group>"; };
		2389BD90180355CF0039EC51 /* browser72.png */ = {isa = PBXFileReference; lastKnownFileType = image.png; path = browser72.png; sourceTree = "<group>"; };
/* End PBXFileReference section */

/* Begin PBXFrameworksBuildPhase section */
		2389BD5E17FF2B3A0039EC51 /* Frameworks */ = {
			isa = PBXFrameworksBuildPhase;
			buildActionMask = 2147483647;
			files = (
				2389BD6517FF2B3A0039EC51 /* UIKit.framework in Frameworks */,
				2389BD6717FF2B3A0039EC51 /* Foundation.framework in Frameworks */,
				2389BD6917FF2B3A0039EC51 /* CoreGraphics.framework in Frameworks */,
			);
			runOnlyForDeploymentPostprocessing = 0;
		};
/* End PBXFrameworksBuildPhase section */

/* Begin PBXGroup section */
		2389BD5817FF2B3A0039EC51 = {
			isa = PBXGroup;
			children = (
				2389BD6A17FF2B3A0039EC51 /* browser */,
				2389BD6317FF2B3A0039EC51 /* Frameworks */,
				2389BD6217FF2B3A0039EC51 /* Products */,
			);
			sourceTree = "<group>";
		};
		2389BD6217FF2B3A0039EC51 /* Products */ = {
			isa = PBXGroup;
			children = (
				2389BD6117FF2B3A0039EC51 /* browser.app */,
			);
			name = Products;
			sourceTree = "<group>";
		};
		2389BD6317FF2B3A0039EC51 /* Frameworks */ = {
			isa = PBXGroup;
			children = (
				2389BD6417FF2B3A0039EC51 /* UIKit.framework */,
				2389BD6617FF2B3A0039EC51 /* Foundation.framework */,
				2389BD6817FF2B3A0039EC51 /* CoreGraphics.framework */,
			);
			name = Frameworks;
			sourceTree = "<group>";
		};
		2389BD6A17FF2B3A0039EC51 /* browser */ = {
			isa = PBXGroup;
			children = (
				2389BD7317FF2B3A0039EC51 /* MADAppDelegate.h */,
				2389BD7417FF2B3A0039EC51 /* MADAppDelegate.m */,
				2389BD7C17FF2B3A0039EC51 /* MADViewController.h */,
				2389BD7D17FF2B3A0039EC51 /* MADViewController.m */,
				2389BD7F17FF2B3A0039EC51 /* MADViewController.xib */,
				2389BD6B17FF2B3A0039EC51 /* Supporting Files */,
			);
			path = browser;
			sourceTree = "<group>";
		};
		2389BD6B17FF2B3A0039EC51 /* Supporting Files */ = {
			isa = PBXGroup;
			children = (
				2389BD8F180355CF0039EC51 /* browser.png */,
				2389BD90180355CF0039EC51 /* browser72.png */,
				2389BD6C17FF2B3A0039EC51 /* browser-Info.plist */,
				2389BD6D17FF2B3A0039EC51 /* InfoPlist.strings */,
				2389BD7017FF2B3A0039EC51 /* main.m */,
				2389BD7217FF2B3A0039EC51 /* browser-Prefix.pch */,
				2389BD7617FF2B3A0039EC51 /* Default.png */,
				2389BD7817FF2B3A0039EC51 /* Default@2x.png */,
				2389BD7A17FF2B3A0039EC51 /* Default-568h@2x.png */,
			);
			name = "Supporting Files";
			sourceTree = "<group>";
		};
/* End PBXGroup section */

/* Begin PBXNativeTarget section */
		2389BD6017FF2B3A0039EC51 /* browser */ = {
			isa = PBXNativeTarget;
			buildConfigurationList = 2389BD8417FF2B3A0039EC51 /* Build configuration list for PBXNativeTarget "browser" */;
			buildPhases = (
				2389BD5D17FF2B3A0039EC51 /* Sources */,
				2389BD5E17FF2B3A0039EC51 /* Frameworks */,
				2389BD5F17FF2B3A0039EC51 /* Resources */,
			);
			buildRules = (
			);
			dependencies = (
			);
			name = browser;
			productName = browser;
			productReference = 2389BD6117FF2B3A0039EC51 /* browser.app */;
			productType = "com.apple.product-type.application";
		};
/* End PBXNativeTarget section */

/* Begin PBXProject section */
		2389BD5917FF2B3A0039EC51 /* Project object */ = {
			isa = PBXProject;
			attributes = {
				CLASSPREFIX = MAD;
				LastUpgradeCheck = 0460;
			};
			buildConfigurationList = 2389BD5C17FF2B3A0039EC51 /* Build configuration list for PBXProject "browser" */;
			compatibilityVersion = "Xcode 3.2";
			developmentRegion = English;
			hasScannedForEncodings = 0;
			knownRegions = (
				en,
			);
			mainGroup = 2389BD5817FF2B3A0039EC51;
			productRefGroup = 2389BD6217FF2B3A0039EC51 /* Products */;
			projectDirPath = "";
			projectRoot = "";
			targets = (
				2389BD6017FF2B3A0039EC51 /* browser */,
			);
		};
/* End PBXProject section */

/* Begin PBXResourcesBuildPhase section */
		2389BD5F17FF2B3A0039EC51 /* Resources */ = {
			isa = PBXResourcesBuildPhase;
			buildActionMask = 2147483647;
			files = (
				2389BD6F17FF2B3A0039EC51 /* InfoPlist.strings in Resources */,
				2389BD7717FF2B3A0039EC51 /* Default.png in Resources */,
				2389BD7917FF2B3A0039EC51 /* Default@2x.png in Resources */,
				2389BD7B17FF2B3A0039EC51 /* Default-568h@2x.png in Resources */,
				2389BD8117FF2B3A0039EC51 /* MADViewController.xib in Resources */,
				2389BD91180355CF0039EC51 /* browser.png in Resources */,
				2389BD92180355CF0039EC51 /* browser72.png in Resources */,
			);
			runOnlyForDeploymentPostprocessing = 0;
		};
/* End PBXResourcesBuildPhase section */

/* Begin PBXSourcesBuildPhase section */
		2389BD5D17FF2B3A0039EC51 /* Sources */ = {
			isa = PBXSourcesBuildPhase;
			buildActionMask = 2147483647;
			files = (
				2389BD7117FF2B3A0039EC51 /* main.m in Sources */,
				2389BD7517FF2B3A0039EC51 /* MADAppDelegate.m in Sources */,
				2389BD7E17FF2B3A0039EC51 /* MADViewController.m in Sources */,
			);
			runOnlyForDeploymentPostprocessing = 0;
		};
/* End PBXSourcesBuildPhase section */

/* Begin PBXVariantGroup section */
		2389BD6D17FF2B3A0039EC51 /* InfoPlist.strings */ = {
			isa = PBXVariantGroup;
			children = (
				2389BD6E17FF2B3A0039EC51 /* en */,
			);
			name = InfoPlist.strings;
			sourceTree = "<group>";
		};
		2389BD7F17FF2B3A0039EC51 /* MADViewController.xib */ = {
			isa = PBXVariantGroup;
			children = (
				2389BD8017FF2B3A0039EC51 /* en */,
			);
			name = MADViewController.xib;
			sourceTree = "<group>";
		};
/* End PBXVariantGroup section */

/* Begin XCBuildConfiguration section */
		2389BD8217FF2B3A0039EC51 /* Debug */ = {
			isa = XCBuildConfiguration;
			buildSettings = {
				ALWAYS_SEARCH_USER_PATHS = NO;
				CLANG_CXX_LANGUAGE_STANDARD = "gnu++0x";
				CLANG_CXX_LIBRARY = "libc++";
				CLANG_ENABLE_OBJC_ARC = YES;
				CLANG_WARN_CONSTANT_CONVERSION = YES;
				CLANG_WARN_EMPTY_BODY = YES;
				CLANG_WARN_ENUM_CONVERSION = YES;
				CLANG_WARN_INT_CONVERSION = YES;
				CLANG_WARN__DUPLICATE_METHOD_MATCH = YES;
				"CODE_SIGN_IDENTITY[sdk=iphoneos*]" = "iPhone Developer";
				COPY_PHASE_STRIP = NO;
				GCC_C_LANGUAGE_STANDARD = gnu99;
				GCC_DYNAMIC_NO_PIC = NO;
				GCC_OPTIMIZATION_LEVEL = 0;
				GCC_PREPROCESSOR_DEFINITIONS = (
					"DEBUG=1",
					"$(inherited)",
				);
				GCC_SYMBOLS_PRIVATE_EXTERN = NO;
				GCC_WARN_ABOUT_RETURN_TYPE = YES;
				GCC_WARN_UNINITIALIZED_AUTOS = YES;
				GCC_WARN_UNUSED_VARIABLE = YES;
				IPHONEOS_DEPLOYMENT_TARGET = 6.1;
				ONLY_ACTIVE_ARCH = YES;
				SDKROOT = iphoneos;
				TARGETED_DEVICE_FAMILY = 2;
			};
			name = Debug;
		};
		2389BD8317FF2B3A0039EC51 /* Release */ = {
			isa = XCBuildConfiguration;
			buildSettings = {
				ALWAYS_SEARCH_USER_PATHS = NO;
				CLANG_CXX_LANGUAGE_STANDARD = "gnu++0x";
				CLANG_CXX_LIBRARY = "libc++";
				CLANG_ENABLE_OBJC_ARC = YES;
				CLANG_WARN_CONSTANT_CONVERSION = YES;
				CLANG_WARN_EMPTY_BODY = YES;
				CLANG_WARN_ENUM_CONVERSION = YES;
				CLANG_WARN_INT_CONVERSION = YES;
				CLANG_WARN__DUPLICATE_METHOD_MATCH = YES;
				"CODE_SIGN_IDENTITY[sdk=iphoneos*]" = "iPhone Developer";
				COPY_PHASE_STRIP = YES;
				GCC_C_LANGUAGE_STANDARD = gnu99;
				GCC_WARN_ABOUT_RETURN_TYPE = YES;
				GCC_WARN_UNINITIALIZED_AUTOS = YES;
				GCC_WARN_UNUSED_VARIABLE = YES;
				IPHONEOS_DEPLOYMENT_TARGET = 6.1;
				OTHER_CFLAGS = "-DNS_BLOCK_ASSERTIONS=1";
				SDKROOT = iphoneos;
				TARGETED_DEVICE_FAMILY = 2;
				VALIDATE_PRODUCT = YES;
			};
			name = Release;
		};
		2389BD8517FF2B3A0039EC51 /* Debug */ = {
			isa = XCBuildConfiguration;
			buildSettings = {
				GCC_PRECOMPILE_PREFIX_HEADER = YES;
				GCC_PREFIX_HEADER = "browser/browser-Prefix.pch";
				INFOPLIST_FILE = "browser/browser-Info.plist";
				PRODUCT_NAME = "$(TARGET_NAME)";
				WRAPPER_EXTENSION = app;
			};
			name = Debug;
		};
		2389BD8617FF2B3A0039EC51 /* Release */ = {
			isa = XCBuildConfiguration;
			buildSettings = {
				GCC_PRECOMPILE_PREFIX_HEADER = YES;
				GCC_PREFIX_HEADER = "browser/browser-Prefix.pch";
				INFOPLIST_FILE = "browser/browser-Info.plist";
				PRODUCT_NAME = "$(TARGET_NAME)";
				WRAPPER_EXTENSION = app;
			};
			name = Release;
		};
/* End XCBuildConfiguration section */

/* Begin XCConfigurationList section */
		2389BD5C17FF2B3A0039EC51 /* Build configuration list for PBXProject "browser" */ = {
			isa = XCConfigurationList;
			buildConfigurations = (
				2389BD8217FF2B3A0039EC51 /* Debug */,
				2389BD8317FF2B3A0039EC51 /* Release */,
			);
			defaultConfigurationIsVisible = 0;
			defaultConfigurationName = Release;
		};
		2389BD8417FF2B3A0039EC51 /* Build configuration list for PBXNativeTarget "browser" */ = {
			isa = XCConfigurationList;
			buildConfigurations = (
				2389BD8517FF2B3A0039EC51 /* Debug */,
				2389BD8617FF2B3A0039EC51 /* Release */,
			);
			defaultConfigurationIsVisible = 0;
			defaultConfigurationName = Release;
		};
/* End XCConfigurationList section */
	};
	rootObject = 2389BD5917FF2B3A0039EC51 /* Project object */;
}
